
Microsoft Visual Studio Solution File, Format Version 12.00
# Visual Studio Version 16
VisualStudioVersion = 16.0.30611.23
MinimumVisualStudioVersion = 10.0.40219.1
Project("{9A19103F-16F7-4668-BE54-9A1E7A4F7556}") = "ASPNet_Core", "ASPNet_Core\ASPNet_Core.csproj", "{F79C395B-49DC-4B0E-AFA1-C5D4256B0531}"
EndProject
Global
	GlobalSection(SolutionConfigurationPlatforms) = preSolution
		Debug|Any CPU = Debug|Any CPU
		Release|Any CPU = Release|Any CPU
	EndGlobalSection
	GlobalSection(ProjectConfigurationPlatforms) = postSolution
		{F79C395B-49DC-4B0E-AFA1-C5D4256B0531}.Debug|Any CPU.ActiveCfg = Debug|Any CPU
		{F79C395B-49DC-4B0E-AFA1-C5D4256B0531}.Debug|Any CPU.Build.0 = Debug|Any CPU
		{F79C395B-49DC-4B0E-AFA1-C5D4256B0531}.Release|Any CPU.ActiveCfg = Release|Any CPU
		{F79C395B-49DC-4B0E-AFA1-C5D4256B0531}.Release|Any CPU.Build.0 = Release|Any CPU
	EndGlobalSection
	GlobalSection(SolutionProperties) = preSolution
		HideSolutionNode = FALSE
	EndGlobalSection
	GlobalSection(ExtensibilityGlobals) = postSolution
		SolutionGuid = {7B8B85D7-8845-4446-9237-19EF0CF29147}
	EndGlobalSection
EndGlobal
